{
  "lockfileVersion": 1,
  "configVersion": 1,
  "workspaces": {
    "": {
      "name": "migrant",
      "dependencies": {
        "@ai-sdk/anthropic": "^4.0.42",
        "@ai-sdk/deepseek": "^3.0.32",
        "@ai-sdk/google": "^4.0.51",
        "@ai-sdk/groq": "^4.0.31",
        "@ai-sdk/mistral": "^4.0.33",
        "@ai-sdk/openai": "^4.0.47",
        "@ai-sdk/xai": "^4.0.44",
        "@openrouter/ai-sdk-provider": "^3.0.0",
        "@openrouter/sdk": "^1.1.7",
        "@opentui/core": "^0.5.12",
        "@opentui/keymap": "^0.5.12",
        "@opentui/react": "^0.5.12",
        "@supabase/supabase-js": "^2.110.5",
        "ai": "^7.0.66",
        "commander": "^15.0.0",
        "cross-keychain": "^1.1.0",
        "get-port": "^7.2.0",
        "open": "^11.0.0",
        "pg": "^8.22.0",
        "react": "^19.2.8",
        "supabase": "^2.109.1",
      },
      "devDependencies": {
        "@types/bun": "^1.4.0",
        "@types/node": "^26.1.1",
        "@types/pg": "^8.23.1",
        "@types/react": "^19.2.18",
      },
    },
  },
  "packages": {
    "@ai-sdk/anthropic": ["@ai-sdk/anthropic@4.0.65", "", { "dependencies": { "@ai-sdk/provider": "4.0.18", "@ai-sdk/provider-utils": "5.0.49" }, "peerDependencies": { "zod": "^3.25.76 || ^4.1.8" } }, "sha512-3fmxxn5xWGOPU1wGrUCI30YFW5r6h2WrY+sz3rokkVlBHrDr889hPYP1yNoSmOVvtAwCFWlm79P2lRngIPOObg=="],

    "@ai-sdk/deepseek": ["@ai-sdk/deepseek@3.0.54", "", { "dependencies": { "@ai-sdk/provider": "4.0.18", "@ai-sdk/provider-utils": "5.0.49" }, "peerDependencies": { "zod": "^3.25.76 || ^4.1.8" } }, "sha512-1ByKYV/uis+3U66kueMJgF2DjN0DcJVtacZf7s1+BttKQwIRmHhKnQ3aqDRlIzpc2as59eqO5dxGi8Bfii2Pnw=="],

    "@ai-sdk/gateway": ["@ai-sdk/gateway@4.0.94", "", { "dependencies": { "@ai-sdk/provider": "4.0.18", "@ai-sdk/provider-utils": "5.0.49", "@vercel/oidc": "3.2.0" }, "peerDependencies": { "zod": "^3.25.76 || ^4.1.8" } }, "sha512-hcp7GLnMynH6NfMnemgvW9acn7j3WsUe/dHFzX3/fhPit08xhm1aYmDGHMiIT6YwsXVBxkit9TriKb2SGAOg+Q=="],

    "@ai-sdk/google": ["@ai-sdk/google@4.0.82", "", { "dependencies": { "@ai-sdk/provider": "4.0.18", "@ai-sdk/provider-utils": "5.0.49" }, "peerDependencies": { "zod": "^3.25.76 || ^4.1.8" } }, "sha512-2zPYyBSyIcywLtOEJRxlrtXjBjz4KxEU19Qqg/Dk8I9BrsB08+ghG2jv155dtuDZj8qZMrh6LO8J+Wt5O4xVhg=="],

    "@ai-sdk/groq": ["@ai-sdk/groq@4.0.50", "", { "dependencies": { "@ai-sdk/provider": "4.0.18", "@ai-sdk/provider-utils": "5.0.49" }, "peerDependencies": { "zod": "^3.25.76 || ^4.1.8" } }, "sha512-hNyn0BNfWyV0a6IfOxZ4QeymVAwzMEZ0iOMKnBtNdQS74hECd1bvKfPD/JCJDSZizZk65Q4b5a0rVpK4p2227g=="],

    "@ai-sdk/mistral": ["@ai-sdk/mistral@4.0.52", "", { "dependencies": { "@ai-sdk/provider": "4.0.18", "@ai-sdk/provider-utils": "5.0.49" }, "peerDependencies": { "zod": "^3.25.76 || ^4.1.8" } }, "sha512-ytqGhPHulDQA+NzDYCsulKFuB1xPo63XcWx+jGuAK7MK98mp8wBF+SddHK/UXa5hv+4CBJMmGgJHWZemzRs/HQ=="],

    "@ai-sdk/openai": ["@ai-sdk/openai@4.0.77", "", { "dependencies": { "@ai-sdk/provider": "4.0.18", "@ai-sdk/provider-utils": "5.0.49" }, "peerDependencies": { "zod": "^3.25.76 || ^4.1.8" } }, "sha512-KUCeRneOIww8az/mH3dy68csmOTqa7s0F6fiHEkdXtr1u0xUoQTIU4y7k0YrjjBuyybpX2yN94rf9elhPu4zFg=="],

    "@ai-sdk/provider": ["@ai-sdk/provider@4.0.18", "", { "dependencies": { "json-schema": "^0.4.0" } }, "sha512-+GZJIgz1jk86pwEbb3f1BD2bdoSKyWE4Jg4YUc7NMnMozbWemSKYZcw2F4nMaO5qwsL5A8RmioAKW81YktRpIQ=="],

    "@ai-sdk/provider-utils": ["@ai-sdk/provider-utils@5.0.49", "", { "dependencies": { "@ai-sdk/provider": "4.0.18", "@standard-schema/spec": "^1.1.0", "@workflow/serde": "4.1.0", "eventsource-parser": "^3.0.8", "undici": "^7.29.0" }, "peerDependencies": { "zod": "^3.25.76 || ^4.1.8" } }, "sha512-T+/H8DCvqJoCqLhltVatS7ffA779Iyk/ZZrgNXkrgv51E0n2Cd6eIdCmtwhCGIKqtbTtwCvTmQdAMv5Z8rOGHQ=="],

    "@ai-sdk/xai": ["@ai-sdk/xai@4.0.59", "", { "dependencies": { "@ai-sdk/provider": "4.0.15", "@ai-sdk/provider-utils": "5.0.41" }, "peerDependencies": { "zod": "^3.25.76 || ^4.1.8" } }, "sha512-cVaiF6bI6ZeqNIMybTrO3Edk4V8LNevDKJ3Ntd4oKwydUbnsGXyIYN0opab89FdaBfMzCYd7KxqsjExiVBOUNA=="],

    "@ecies/ciphers": ["@ecies/ciphers@0.2.6", "", { "peerDependencies": { "@noble/ciphers": "^1.0.0" } }, "sha512-patgsRPKGkhhoBjETV4XxD0En4ui5fbX0hzayqI3M8tvNMGUoUvmyYAIWwlxBc1KX5cturfqByYdj5bYGRpN9g=="],

    "@inquirer/ansi": ["@inquirer/ansi@1.0.2", "", {}, "sha512-S8qNSZiYzFd0wAcyG5AXCvUHC5Sr7xpZ9wZ2py9XR88jUz8wooStVx5M6dRzczbBWjic9NP7+rY0Xi7qqK/aMQ=="],

    "@inquirer/checkbox": ["@inquirer/checkbox@4.3.2", "", { "dependencies": { "@inquirer/ansi": "^1.0.2", "@inquirer/core": "^10.3.2", "@inquirer/figures": "^1.0.15", "@inquirer/type": "^3.0.10", "yoctocolors-cjs": "^2.1.3" }, "peerDependencies": { "@types/node": ">=18" }, "optionalPeers": ["@types/node"] }, "sha512-VXukHf0RR1doGe6Sm4F0Em7SWYLTHSsbGfJdS9Ja2bX5/D5uwVOEjr07cncLROdBvmnvCATYEWlHqYmXv2IlQA=="],

    "@inquirer/confirm": ["@inquirer/confirm@5.1.21", "", { "dependencies": { "@inquirer/core": "^10.3.2", "@inquirer/type": "^3.0.10" }, "peerDependencies": { "@types/node": ">=18" }, "optionalPeers": ["@types/node"] }, "sha512-KR8edRkIsUayMXV+o3Gv+q4jlhENF9nMYUZs9PA2HzrXeHI8M5uDag70U7RJn9yyiMZSbtF5/UexBtAVtZGSbQ=="],

    "@inquirer/core": ["@inquirer/core@10.3.2", "", { "dependencies": { "@inquirer/ansi": "^1.0.2", "@inquirer/figures": "^1.0.15", "@inquirer/type": "^3.0.10", "cli-width": "^4.1.0", "mute-stream": "^2.0.0", "signal-exit": "^4.1.0", "wrap-ansi": "^6.2.0", "yoctocolors-cjs": "^2.1.3" }, "peerDependencies": { "@types/node": ">=18" }, "optionalPeers": ["@types/node"] }, "sha512-43RTuEbfP8MbKzedNqBrlhhNKVwoK//vUFNW3Q3vZ88BLcrs4kYpGg+B2mm5p2K/HfygoCxuKwJJiv8PbGmE0A=="],

    "@inquirer/editor": ["@inquirer/editor@4.2.23", "", { "dependencies": { "@inquirer/core": "^10.3.2", "@inquirer/external-editor": "^1.0.3", "@inquirer/type": "^3.0.10" }, "peerDependencies": { "@types/node": ">=18" }, "optionalPeers": ["@types/node"] }, "sha512-aLSROkEwirotxZ1pBaP8tugXRFCxW94gwrQLxXfrZsKkfjOYC1aRvAZuhpJOb5cu4IBTJdsCigUlf2iCOu4ZDQ=="],

    "@inquirer/expand": ["@inquirer/expand@4.0.23", "", { "dependencies": { "@inquirer/core": "^10.3.2", "@inquirer/type": "^3.0.10", "yoctocolors-cjs": "^2.1.3" }, "peerDependencies": { "@types/node": ">=18" }, "optionalPeers": ["@types/node"] }, "sha512-nRzdOyFYnpeYTTR2qFwEVmIWypzdAx/sIkCMeTNTcflFOovfqUk+HcFhQQVBftAh9gmGrpFj6QcGEqrDMDOiew=="],

    "@inquirer/external-editor": ["@inquirer/external-editor@1.0.3", "", { "dependencies": { "chardet": "^2.1.1", "iconv-lite": "^0.7.0" }, "peerDependencies": { "@types/node": ">=18" }, "optionalPeers": ["@types/node"] }, "sha512-RWbSrDiYmO4LbejWY7ttpxczuwQyZLBUyygsA9Nsv95hpzUWwnNTVQmAq3xuh7vNwCp07UTmE5i11XAEExx4RA=="],

    "@inquirer/figures": ["@inquirer/figures@1.0.15", "", {}, "sha512-t2IEY+unGHOzAaVM5Xx6DEWKeXlDDcNPeDyUpsRc6CUhBfU3VQOEl+Vssh7VNp1dR8MdUJBWhuObjXCsVpjN5g=="],

    "@inquirer/input": ["@inquirer/input@4.3.1", "", { "dependencies": { "@inquirer/core": "^10.3.2", "@inquirer/type": "^3.0.10" }, "peerDependencies": { "@types/node": ">=18" }, "optionalPeers": ["@types/node"] }, "sha512-kN0pAM4yPrLjJ1XJBjDxyfDduXOuQHrBB8aLDMueuwUGn+vNpF7Gq7TvyVxx8u4SHlFFj4trmj+a2cbpG4Jn1g=="],

    "@inquirer/number": ["@inquirer/number@3.0.23", "", { "dependencies": { "@inquirer/core": "^10.3.2", "@inquirer/type": "^3.0.10" }, "peerDependencies": { "@types/node": ">=18" }, "optionalPeers": ["@types/node"] }, "sha512-5Smv0OK7K0KUzUfYUXDXQc9jrf8OHo4ktlEayFlelCjwMXz0299Y8OrI+lj7i4gCBY15UObk76q0QtxjzFcFcg=="],

    "@inquirer/password": ["@inquirer/password@4.0.23", "", { "dependencies": { "@inquirer/ansi": "^1.0.2", "@inquirer/core": "^10.3.2", "@inquirer/type": "^3.0.10" }, "peerDependencies": { "@types/node": ">=18" }, "optionalPeers": ["@types/node"] }, "sha512-zREJHjhT5vJBMZX/IUbyI9zVtVfOLiTO66MrF/3GFZYZ7T4YILW5MSkEYHceSii/KtRk+4i3RE7E1CUXA2jHcA=="],

    "@inquirer/prompts": ["@inquirer/prompts@7.10.1", "", { "dependencies": { "@inquirer/checkbox": "^4.3.2", "@inquirer/confirm": "^5.1.21", "@inquirer/editor": "^4.2.23", "@inquirer/expand": "^4.0.23", "@inquirer/input": "^4.3.1", "@inquirer/number": "^3.0.23", "@inquirer/password": "^4.0.23", "@inquirer/rawlist": "^4.1.11", "@inquirer/search": "^3.2.2", "@inquirer/select": "^4.4.2" }, "peerDependencies": { "@types/node": ">=18" }, "optionalPeers": ["@types/node"] }, "sha512-Dx/y9bCQcXLI5ooQ5KyvA4FTgeo2jYj/7plWfV5Ak5wDPKQZgudKez2ixyfz7tKXzcJciTxqLeK7R9HItwiByg=="],

    "@inquirer/rawlist": ["@inquirer/rawlist@4.1.11", "", { "dependencies": { "@inquirer/core": "^10.3.2", "@inquirer/type": "^3.0.10", "yoctocolors-cjs": "^2.1.3" }, "peerDependencies": { "@types/node": ">=18" }, "optionalPeers": ["@types/node"] }, "sha512-+LLQB8XGr3I5LZN/GuAHo+GpDJegQwuPARLChlMICNdwW7OwV2izlCSCxN6cqpL0sMXmbKbFcItJgdQq5EBXTw=="],

    "@inquirer/search": ["@inquirer/search@3.2.2", "", { "dependencies": { "@inquirer/core": "^10.3.2", "@inquirer/figures": "^1.0.15", "@inquirer/type": "^3.0.10", "yoctocolors-cjs": "^2.1.3" }, "peerDependencies": { "@types/node": ">=18" }, "optionalPeers": ["@types/node"] }, "sha512-p2bvRfENXCZdWF/U2BXvnSI9h+tuA8iNqtUKb9UWbmLYCRQxd8WkvwWvYn+3NgYaNwdUkHytJMGG4MMLucI1kA=="],

    "@inquirer/select": ["@inquirer/select@4.4.2", "", { "dependencies": { "@inquirer/ansi": "^1.0.2", "@inquirer/core": "^10.3.2", "@inquirer/figures": "^1.0.15", "@inquirer/type": "^3.0.10", "yoctocolors-cjs": "^2.1.3" }, "peerDependencies": { "@types/node": ">=18" }, "optionalPeers": ["@types/node"] }, "sha512-l4xMuJo55MAe+N7Qr4rX90vypFwCajSakx59qe/tMaC1aEHWLyw68wF4o0A4SLAY4E0nd+Vt+EyskeDIqu1M6w=="],

    "@inquirer/type": ["@inquirer/type@3.0.10", "", { "peerDependencies": { "@types/node": ">=18" }, "optionalPeers": ["@types/node"] }, "sha512-BvziSRxfz5Ov8ch0z/n3oijRSEcEsHnhggm4xFZe93DHcUCTlutlq9Ox4SVENAfcRD22UQq7T/atg9Wr3k09eA=="],

    "@napi-rs/keyring": ["@napi-rs/keyring@1.3.0", "", { "optionalDependencies": { "@napi-rs/keyring-darwin-arm64": "1.3.0", "@napi-rs/keyring-darwin-x64": "1.3.0", "@napi-rs/keyring-freebsd-x64": "1.3.0", "@napi-rs/keyring-linux-arm-gnueabihf": "1.3.0", "@napi-rs/keyring-linux-arm64-gnu": "1.3.0", "@napi-rs/keyring-linux-arm64-musl": "1.3.0", "@napi-rs/keyring-linux-riscv64-gnu": "1.3.0", "@napi-rs/keyring-linux-x64-gnu": "1.3.0", "@napi-rs/keyring-linux-x64-musl": "1.3.0", "@napi-rs/keyring-win32-arm64-msvc": "1.3.0", "@napi-rs/keyring-win32-ia32-msvc": "1.3.0", "@napi-rs/keyring-win32-x64-msvc": "1.3.0" } }, "sha512-WrOw/bcXm0f9qHkumlT1QlArXSTWqaY9sunsDpOk+yCCorCKMxvWT/a3xko4EYHVdeZoh00yI2TydXn6eyICDA=="],

    "@napi-rs/keyring-darwin-arm64": ["@napi-rs/keyring-darwin-arm64@1.3.0", "", { "os": "darwin", "cpu": "arm64" }, "sha512-pl76hJvdYUBn6I24bXiOBMA9nbDapo3I5B+f3OorjDU4dUMSypXeKbOVehJe8fhgTiH24flMyTS3aAIy43xegQ=="],

    "@napi-rs/keyring-darwin-x64": ["@napi-rs/keyring-darwin-x64@1.3.0", "", { "os": "darwin", "cpu": "x64" }, "sha512-YcJtEV5LA3cvA4z3BurgxH5IhTsW1JfIvcAAcqcecwk06Si9F9NqkxbZVIfDwQ8oRHgaBmT3zZJnLAotCrVahw=="],

    "@napi-rs/keyring-freebsd-x64": ["@napi-rs/keyring-freebsd-x64@1.3.0", "", { "os": "freebsd", "cpu": "x64" }, "sha512-vlLf31TGhfRAaxLDBhg8b89ss0HHD/lyNmL5F3UjSaz5CUXElsJmKYq9fqA/B+cZKUEUcLHHGhF0I/CqcFdaVw=="],

    "@napi-rs/keyring-linux-arm-gnueabihf": ["@napi-rs/keyring-linux-arm-gnueabihf@1.3.0", "", { "os": "linux", "cpu": "arm" }, "sha512-KiWdMMu/Inz/bHHIAGrnF7r54FZDYXuHO6UFF/rhIrshUsxbMG1Rl9lEymNtqqsVo927G0VYcb02FzWQ3iBQRQ=="],

    "@napi-rs/keyring-linux-arm64-gnu": ["@napi-rs/keyring-linux-arm64-gnu@1.3.0", "", { "os": "linux", "cpu": "arm64" }, "sha512-eyKGpY40lm9Jvs1aD294XRH4y7+TlJM0YVAryZeXA6TX0mb4gMkxVXwSQv7MCwgah7raeUd0dKUb4BPAYIgcMg=="],

    "@napi-rs/keyring-linux-arm64-musl": ["@napi-rs/keyring-linux-arm64-musl@1.3.0", "", { "os": "linux", "cpu": "arm64" }, "sha512-iIK6JWHXAJqDrEyLY3TmswwloVyt2vj+04TZnew+uSJ9gnDO8EwRbp3/iw3LpWaXiDO7VomGO6y8I0Id8uBZSw=="],

    "@napi-rs/keyring-linux-riscv64-gnu": ["@napi-rs/keyring-linux-riscv64-gnu@1.3.0", "", { "os": "linux", "cpu": "none" }, "sha512-/PGqrwn6EwgtK6vccASSXJRfOSP4vN1F4ASsIQ+7MdrK6hNvAJ1FZPrIuD5gGGdxezo3F++To2Wq7DbuGIeuNQ=="],

    "@napi-rs/keyring-linux-x64-gnu": ["@napi-rs/keyring-linux-x64-gnu@1.3.0", "", { "os": "linux", "cpu": "x64" }, "sha512-2PDK1WKWTu9lBGq9VvNEkSlQD3O7YwVpmnyN2M3cy4v7NJ/8gDMd9GXv3G+FVXN13uhp4gnnPBS+ScefmEeD2A=="],

    "@napi-rs/keyring-linux-x64-musl": ["@napi-rs/keyring-linux-x64-musl@1.3.0", "", { "os": "linux", "cpu": "x64" }, "sha512-oJ2HkX8YUo46QBkn0pG+HuIKQNqr523q6vBobCn+P95s4C4K6/kLBqHY/1bg5J4ap31DzsznhnFKcfBNBsjCnw=="],

    "@napi-rs/keyring-win32-arm64-msvc": ["@napi-rs/keyring-win32-arm64-msvc@1.3.0", "", { "os": "win32", "cpu": "arm64" }, "sha512-tOd3c/uAaeoE4ycVlmAdSvygz0Zt3zdca6Y7gokBeIbaRDWpjDIUOpU3MvML59XAaqyuKGsVVu0F/DZb1lHPmw=="],

    "@napi-rs/keyring-win32-ia32-msvc": ["@napi-rs/keyring-win32-ia32-msvc@1.3.0", "", { "os": "win32", "cpu": "ia32" }, "sha512-sPSqeAFZMGqP1R++M2JTza7GQJJ/TpCo6JU6Vcd4jnebvOaEDs9b7eipakU1PJdSvhpC2yXMCNRk9gXfrhuwHQ=="],

    "@napi-rs/keyring-win32-x64-msvc": ["@napi-rs/keyring-win32-x64-msvc@1.3.0", "", { "os": "win32", "cpu": "x64" }, "sha512-4DnCWXwDc0HRKwyRlG5y0VhKZW2tNRQfKKfyj6IX/KWfDNyq9hn4n+GL1auyDcOO/v8PwnhmYo2+rOOqCkvvOg=="],

    "@noble/ciphers": ["@noble/ciphers@1.3.0", "", {}, "sha512-2I0gnIVPtfnMw9ee9h1dJG7tp81+8Ob3OJb3Mv37rx5L40/b0i7djjCVvGOVqc9AEIQyvyu1i6ypKdFw8R8gQw=="],

    "@noble/curves": ["@noble/curves@1.9.7", "", { "dependencies": { "@noble/hashes": "1.8.0" } }, "sha512-gbKGcRUYIjA3/zCCNaWDciTMFI0dCkvou3TL8Zmy5Nc7sJ47a0jtOeZoTaMxkuqRo9cRhjOdZJXegxYE5FN/xw=="],

    "@noble/hashes": ["@noble/hashes@1.8.0", "", {}, "sha512-jCs9ldd7NwzpgXDIf6P3+NrHh9/sD6CQdxHyjQI+h/6rDNo88ypBxxz45UDuZHz9r3tNz7N/VInSVoVdtXEI4A=="],

    "@openrouter/ai-sdk-provider": ["@openrouter/ai-sdk-provider@3.1.0", "", { "peerDependencies": { "ai": "^7.0.0", "zod": "^3.25.76 || ^4.1.8" } }, "sha512-BQy1TA9fKrh47s9ivsO6FY5QimN7GUF0i8Qon3pkxQclEgShso0dClpcWn8OIyPLEZZPFaFKgI8TW4S/O0p0Dw=="],

    "@openrouter/sdk": ["@openrouter/sdk@1.3.30", "", { "dependencies": { "zod": "^3.25.0 || ^4.0.0" } }, "sha512-wPqgcypVZtwz7TYQQFMsQ/qIqPB8Zv54fGlBoHTij7LllKrMbj2syebWD8vAZ0Z7mXreh8s6JxCDI1PW+EdGAw=="],

    "@opentui/core": ["@opentui/core@0.5.12", "", { "dependencies": { "bun-ffi-structs": "0.3.1", "diff": "9.0.0", "marked": "17.0.1", "string-width": "7.2.0", "strip-ansi": "7.1.2" }, "optionalDependencies": { "@opentui/core-darwin-arm64": "0.5.12", "@opentui/core-darwin-x64": "0.5.12", "@opentui/core-linux-arm64": "0.5.12", "@opentui/core-linux-arm64-musl": "0.5.12", "@opentui/core-linux-x64": "0.5.12", "@opentui/core-linux-x64-musl": "0.5.12", "@opentui/core-win32-arm64": "0.5.12", "@opentui/core-win32-x64": "0.5.12" }, "peerDependencies": { "web-tree-sitter": "0.25.10" } }, "sha512-ZXBE5gmvdovmV8zJQrOQf6E44v1tJRDEgrM2MYhEglzgXZ+smIUp95O8zeRYGsuIzQIiMPMgQqKtTJuzvAb7BQ=="],

    "@opentui/core-darwin-arm64": ["@opentui/core-darwin-arm64@0.5.12", "", { "os": "darwin", "cpu": "arm64" }, "sha512-YdVnP0tAyerBNl0mIcmQEOotPeZzW1VnSXKBl5cyZ5e6nDd2Y+ui/8eRPpn1oqcamf1NCnzS4ohMgejOvna8Zg=="],

    "@opentui/core-darwin-x64": ["@opentui/core-darwin-x64@0.5.12", "", { "os": "darwin", "cpu": "x64" }, "sha512-uRrQJdHmLUSj3PV23QPi3WSimYTTxcXnVouxF6U4xMXlOv4N3SxnHfVwMRQkPqbGOfvVWHeLE6FdK4C+ubU0sQ=="],

    "@opentui/core-linux-arm64": ["@opentui/core-linux-arm64@0.5.12", "", { "os": "linux", "cpu": "arm64" }, "sha512-XeKhuIaEtgipvuPHbl4qPOBj+Ut+2zObmsxMVM1jDcjz/FatG9PGeGQPx1G1SnvH2AgpT4K+eCu7DUF0+yIqoQ=="],

    "@opentui/core-linux-arm64-musl": ["@opentui/core-linux-arm64-musl@0.5.12", "", { "os": "linux", "cpu": "arm64" }, "sha512-VZ2sNMw1d/r1SLPjUbOP9LKscKz1CQjID8adTL6gG8Lrrq+mYcIUxutyB+P/eG0J/7oRZLPR6OMt7dUOap6RTg=="],

    "@opentui/core-linux-x64": ["@opentui/core-linux-x64@0.5.12", "", { "os": "linux", "cpu": "x64" }, "sha512-eZiCjEzwbb6qClPPfk32Nha9xmr9obt69Xj0+9SKsXxWLBKkjQEGOMRoh/R9ObaQF4aq8If1xV3VEY0sD9W9vg=="],

    "@opentui/core-linux-x64-musl": ["@opentui/core-linux-x64-musl@0.5.12", "", { "os": "linux", "cpu": "x64" }, "sha512-WWW0hVBoSYZ3D6AgZ4u2Y5/u/IyIq2pDb+4yI3WgJ70Wyt6ofHy+6kRGRgbXFn1p+rPInAHjCXD2v6C7iEKSrA=="],

    "@opentui/core-win32-arm64": ["@opentui/core-win32-arm64@0.5.12", "", { "os": "win32", "cpu": "arm64" }, "sha512-aLbm6870Ybls6CYL4zMOCImTBPLZHZMUXJFGqMI44lIWxitkAtT6zg5lYA4oRqFRzzryDclxr29+hDgT3p3Blw=="],

    "@opentui/core-win32-x64": ["@opentui/core-win32-x64@0.5.12", "", { "os": "win32", "cpu": "x64" }, "sha512-KTwtwpfd2zF9opVh3SyRJYDd1o3Xv4XL8OZb8Zi+CqWUel6Y2IDCiVivCv8fGJt3J7wOIXXtuZI9ZUkLyKJCiQ=="],

    "@opentui/keymap": ["@opentui/keymap@0.5.12", "", { "dependencies": { "@opentui/core": "0.5.12" }, "peerDependencies": { "@opentui/react": "0.5.12", "@opentui/solid": "0.5.12", "react": ">=19.2.0", "solid-js": "1.9.12" }, "optionalPeers": ["@opentui/react", "@opentui/solid", "react", "solid-js"] }, "sha512-yWPvJjRhJTRoRSUucQq9Ua8ZW7n/2YQ/j6JxWq5Qekm4WuFiTplEkebR/Aj2/xA8tX68NOE5qv1LrY0Jk3NLNQ=="],

    "@opentui/react": ["@opentui/react@0.5.12", "", { "dependencies": { "@opentui/core": "0.5.12", "react-reconciler": "^0.33.0" }, "peerDependencies": { "react": ">=19.2.0", "react-devtools-core": "^7.0.1", "ws": "^8.18.0" } }, "sha512-cHzTW0Pyr2kl/sMX7nviP2TM0kLwE8x1Dny5KweqCj0PFBAQsISboTxq0jjjeVAUEYWY89xfDzz+rGpwBzWbRg=="],

    "@standard-schema/spec": ["@standard-schema/spec@1.1.0", "", {}, "sha512-l2aFy5jALhniG5HgqrD6jXLi/rUWrKvqN/qJx6yoJsgKhblVd+iqqU4RCXavm/jPityDo5TCvKMnpjKnOriy0w=="],

    "@supabase/auth-js": ["@supabase/auth-js@2.117.2", "", { "dependencies": { "tslib": "2.8.1" } }, "sha512-Z3WnGwrphYZubrLbxp5Iv0tLA9A5GhvKzJ/ZXglxqwd2QEH2R4dXRltjVJ8sIn4xEW2BSFIGT0yALVJIgZeDYw=="],

    "@supabase/cli-darwin-arm64": ["@supabase/cli-darwin-arm64@2.118.0", "", { "os": "darwin", "cpu": "arm64" }, "sha512-48W7wkHIVNgwSz4zr+xsC94la1PytCpudOw5w9qJWAISyBWRXMFBCEMb9aVIEG8S9OcLb4X1KZy4PPA/T+f7NQ=="],

    "@supabase/cli-darwin-x64": ["@supabase/cli-darwin-x64@2.118.0", "", { "os": "darwin", "cpu": "x64" }, "sha512-r6z41S0ycJiy2cO6sbJA7kPCodpAus6b3Km+qyn2zYlnTLN0nbscYnKxrZf/rJNR+S+sdpOZXgdQjGc/z5jvXw=="],

    "@supabase/cli-linux-arm64": ["@supabase/cli-linux-arm64@2.118.0", "", { "os": "linux", "cpu": "arm64" }, "sha512-gYjOTnsYgwC68suoFALaXo87KvluXMjdWuo26a7hyD8vLeRJrmX+dpdxgegckQ7wxz8V1iotSBQU6Hd44FEDqw=="],

    "@supabase/cli-linux-arm64-musl": ["@supabase/cli-linux-arm64-musl@2.118.0", "", { "os": "linux", "cpu": "arm64" }, "sha512-8yXIa+9g3FVVlnUAZ9wB1NEP6kvO0tpqQkDs3wqmb6btLD1MYosD/2/ZazSkpEHiKOwKUSymvUg0OgqI7a1gpw=="],

    "@supabase/cli-linux-x64": ["@supabase/cli-linux-x64@2.118.0", "", { "os": "linux", "cpu": "x64" }, "sha512-nHm27uv15iu4xIQZRC++CS4uKYU9HuFn9HiOf407620OQ3cCp70fLT59grFlYQ+bqM7Zrv/GmEZHdgR8UO65RA=="],

    "@supabase/cli-linux-x64-musl": ["@supabase/cli-linux-x64-musl@2.118.0", "", { "os": "linux", "cpu": "x64" }, "sha512-baHVTKJ8OehCXIt6pjHFRXofoUqQzve+43lRKKeVlcgDmgHHTTaF/wTpNvQ86IhoDRkiQTuHQkDG8I5GtHdvEA=="],

    "@supabase/cli-windows-arm64": ["@supabase/cli-windows-arm64@2.118.0", "", { "os": "win32", "cpu": "arm64" }, "sha512-wd592HmQQ7DsGjnwDHILJfFlsRBQ8Q6wwjX5AXRmqznsj3NOPfFzZm2GtV8hJIj1Ttsf7B8N1DqW/0ta7kU4oQ=="],

    "@supabase/cli-windows-x64": ["@supabase/cli-windows-x64@2.118.0", "", { "os": "win32", "cpu": "x64" }, "sha512-qVAJL532b5pB8uJAPA/+3+wtwM/DX1GxwVLCSDmiT6wfUBD6OJcCYRXCEaUx0YjupyaDoPeuP4BF7IfkQTajww=="],

    "@supabase/functions-js": ["@supabase/functions-js@2.117.2", "", { "dependencies": { "tslib": "2.8.1" } }, "sha512-6DT4ZIjmZxa9ANKaBIrjc86AyKrX8M376ynvNeOBBVad3eP7x3UHqWfDR2ynFkHGzCuOpr1A+kObmnahxuwuog=="],

    "@supabase/phoenix": ["@supabase/phoenix@0.4.5", "", {}, "sha512-aAn9H9ovVyeApKy11OWOrrOGq8DV68yWeH4ud2lN9fzn4aO8Zb5GLL9m1pUg9nLqIcT+ZDfAcsZe0E/nqdv2lw=="],

    "@supabase/postgrest-js": ["@supabase/postgrest-js@2.117.2", "", { "dependencies": { "tslib": "2.8.1" } }, "sha512-V1Qhn+M8xzJqCasOxHZ2KG19Fj39PxU7weEAmOK65/KTsWCRXboB4hcQwFvxRvM7ZikeP9IZWNvQkfjvSxzYFw=="],

    "@supabase/realtime-js": ["@supabase/realtime-js@2.117.2", "", { "dependencies": { "@supabase/phoenix": "0.4.5", "tslib": "2.8.1" } }, "sha512-lYXSAIg3eAKA58riUED6Vb+TCzF8jtx18uOoiCaVJ7ZMre6FWBpwB1MPeW+B6vykJT/hPdiuqwcSB7ILMS21ew=="],

    "@supabase/storage-js": ["@supabase/storage-js@2.117.2", "", { "dependencies": { "iceberg-js": "^0.8.1", "tslib": "2.8.1" } }, "sha512-8gAJoVaxZa/War2kFRfJMxGk4M190Q7lJ70BofwGlRxU/u9pIodd6XyTvmXkxOKXWuIYtkDaYPZrIAUt1T/7FQ=="],

    "@supabase/supabase-js": ["@supabase/supabase-js@2.117.2", "", { "dependencies": { "@supabase/auth-js": "2.117.2", "@supabase/functions-js": "2.117.2", "@supabase/postgrest-js": "2.117.2", "@supabase/realtime-js": "2.117.2", "@supabase/storage-js": "2.117.2" }, "peerDependencies": { "@opentelemetry/api": ">=1.0.0" }, "optionalPeers": ["@opentelemetry/api"] }, "sha512-eSG2VKnHR+Clp1PmidZ1/weJ8PJwoybjva3L2GgKqFG4YDS1Iqmc61psKGZP5xw6OMT2O7ZorPR42PY6q1BOXg=="],

    "@types/bun": ["@types/bun@1.4.2", "", { "dependencies": { "bun-types": "1.4.2" } }, "sha512-GimotNn7+ZV0uVArItBbriZsR1oNf0+WTzPkdcFrzShI7k2norL0uzEaJT8T33dWr7O/c9ZDuAFQrctKCi72oQ=="],

    "@types/node": ["@types/node@26.6.2", "", { "dependencies": { "undici-types": "~8.9.0" } }, "sha512-X1P21scMv4zGKLYqjdGjaKa7COa0RKVYYZZN/NfvLQ1JegxFhdhpZG/Lyn8AXx6CDUavKAd11v6BvfpkDByK8g=="],

    "@types/pg": ["@types/pg@8.23.1", "", { "dependencies": { "@types/node": "*", "pg-protocol": "*", "pg-types": "^2.2.0" } }, "sha512-fKVHpikPdg4GKks3JuLEhvwSyvwzF23hnabPy6DD8ljVbC7+6J5dQzdv4arV6jqq57djnMgs1HKBxX4P8aBI3A=="],

    "@types/react": ["@types/react@19.3.0", "", { "dependencies": { "csstype": "^3.2.2" } }, "sha512-N0rFCuH9YoxG9/m61l9MfpJKfmLOVU0em7ipIz6TRgSSkvReLB9vL85GB+yr8Bs5leqpvg96JSwF4ZS1s4viQg=="],

    "@vercel/oidc": ["@vercel/oidc@3.2.0", "", {}, "sha512-UycprH3T6n3jH0k44NHMa7pnFHGu/N05MjojYr+Mc6I7obkoLIJujSWwin1pCvdy/eOxrI/l3uDLQsmcrOb4ug=="],

    "@workflow/serde": ["@workflow/serde@4.1.0", "", {}, "sha512-pav4F2BoirECWR7Nf1TKt+2eETcBj7jj4cBefQ8VXQCA6NPkaKeLfj/zMgi+3zYV5ZIBT4GuUiphsj0/b9hPQQ=="],

    "ai": ["ai@7.0.116", "", { "dependencies": { "@ai-sdk/gateway": "4.0.94", "@ai-sdk/provider": "4.0.18", "@ai-sdk/provider-utils": "5.0.49" }, "peerDependencies": { "zod": "^3.25.76 || ^4.1.8" } }, "sha512-gmkVGPzTNPcJixBiG9zUvP3gmvwko85dHiKrxFKK0zcVJIIu1FP6YDo3jna+ZrC2twMAsUPLr5htCwZjCINH3Q=="],

    "ansi-regex": ["ansi-regex@6.3.0", "", {}, "sha512-WpDfL7NO6j7tH88IDBNVdUJxDh9nmCteAVW9dsep846XdwF4naCBK+/tGLX3KJgcpgMRXCFlTM2hKGoK9FsdrQ=="],

    "ansi-styles": ["ansi-styles@4.3.0", "", { "dependencies": { "color-convert": "^2.0.1" } }, "sha512-zbB9rCJAT1rbjiVDb2hqKFHNYLxgtk8NURxZ3IZwD3F6NtxbXZQCnnSi1Lkx+IDohdPlFp222wVALIheZJQSEg=="],

    "bun-ffi-structs": ["bun-ffi-structs@0.3.1", "", { "peerDependencies": { "typescript": "^5" } }, "sha512-3gM7PpVWLyrwxWjcilSiGuhWanhZivvo6l0u573NziPH6f/gwk6McbaYgn7oJWov6pKGRTDbrg94W5DcJsKTtQ=="],

    "bun-types": ["bun-types@1.4.2", "", { "dependencies": { "@types/node": "*" } }, "sha512-bxV1FgK7yBIzjRe5zBozIM4Bem11ZJcCXSrjWRG3YWLt8yFDePu4cLjpebO8OvPeIE9trbyPF4fuj3Cia4Fj3w=="],

    "bundle-name": ["bundle-name@4.1.1", "", { "dependencies": { "run-applescript": "^7.0.0" } }, "sha512-DdH81/zPLVS11EUgWq3tEu/xn+EzljlMYooDNdzWEnFha3R3NBMpMV1UqYIpjYHV/SgpFKMIX1Oh7o06SjM/oA=="],

    "chardet": ["chardet@2.2.0", "", {}, "sha512-rddelWYNPRrXq6PtNEN2S3f6t9ILzvqaN5pVgi4kqt9jHQaXIial9PznB5iSPVlQSLNaaH22ItWz3EJtQ10+OA=="],

    "cli-width": ["cli-width@4.1.0", "", {}, "sha512-ouuZd4/dm2Sw5Gmqy6bGyNNNe1qt9RpmxveLSO7KcgsTnU7RXfsw+/bukWGo1abgBiMAic068rclZsO4IWmmxQ=="],

    "color-convert": ["color-convert@2.0.1", "", { "dependencies": { "color-name": "~1.1.4" } }, "sha512-RRECPsj7iu/xb5oKYcsFHSppFNnsj/52OVTRKb4zP5onXwVF3zVmmToNcOfGC+CRDpfK/U584fMg38ZHCaElKQ=="],

    "color-name": ["color-name@1.1.4", "", {}, "sha512-dOy+3AuW3a2wNbZHIuMZpTcgjGuLU/uBL/ubcZF9OXbDo8ff4O8yVp5Bf0efS8uEoYo5q4Fx7dY9OgQGXgAsQA=="],

    "commander": ["commander@15.0.0", "", {}, "sha512-z67u4ZhzCL/Tydu1lJARtEZYWbWaN7oYLHbsuzocr6y4N6WZAagG3RQ4FW61V1/0+jImpj293XfrcYnd1qxtPg=="],

    "cross-keychain": ["cross-keychain@1.1.0", "", { "dependencies": { "@inquirer/prompts": "^7.8.6", "meow": "^14.0.0" }, "optionalDependencies": { "@napi-rs/keyring": "^1.2.0" }, "bin": { "cross-keychain": "dist/cli.js" } }, "sha512-244DWNdGepLKD5vEn3reZqwzZFiE/LD4U+XV9IaXQbtIXKvQkf0VkRaOj/9vPYauPdR12PSGB3U0cE7jJi3WTQ=="],

    "csstype": ["csstype@3.2.3", "", {}, "sha512-z1HGKcYy2xA8AGQfwrn0PAy+PB7X/GSj3UVJW9qKyn43xWa+gl5nXmU4qqLMRzWVLFC8KusUX8T/0kCiOYpAIQ=="],

    "default-browser": ["default-browser@5.5.1", "", { "dependencies": { "bundle-name": "^4.1.0", "default-browser-id": "^5.0.0" } }, "sha512-m1pAzaJgZ/gssEqlOhJkPJp8Xly7QyW6xcrkUa2KKcDeDSEMP7X8xipU3snUcfisTQx0w1AGae+9UtJSfVnXGw=="],

    "default-browser-id": ["default-browser-id@5.0.1", "", {}, "sha512-x1VCxdX4t+8wVfd1so/9w+vQ4vx7lKd2Qp5tDRutErwmR85OgmfX7RlLRMWafRMY7hbEiXIbudNrjOAPa/hL8Q=="],

    "define-lazy-prop": ["define-lazy-prop@3.0.0", "", {}, "sha512-N+MeXYoqr3pOgn8xfyRPREN7gHakLYjhsHhWGT3fWAiL4IkAt0iDw14QiiEm2bE30c5XX5q0FtAA3CK5f9/BUg=="],

    "diff": ["diff@9.0.0", "", {}, "sha512-svtcdpS8CgJyqAjEQIXdb3OjhFVVYjzGAPO8WGCmRbrml64SPw/jJD4GoE98aR7r25A0XcgrK3F02yw9R/vhQw=="],

    "eciesjs": ["eciesjs@0.5.0", "", { "dependencies": { "@ecies/ciphers": "^0.2.6", "@noble/ciphers": "^1.3.0", "@noble/curves": "^1.9.7", "@noble/hashes": "^1.8.0" } }, "sha512-s0J9SEVYAEPg7J63GFMApLYzPH9VNIQIyC6s15JpnqVc0TqcKWdbgFlnAweEBRyMmko2dcs2sfC83Hj4J43tuA=="],

    "emoji-regex": ["emoji-regex@10.6.0", "", {}, "sha512-toUI84YS5YmxW219erniWD0CIVOo46xGKColeNQRgOzDorgBi1v4D71/OFzgD9GO2UGKIv1C3Sp8DAn0+j5w7A=="],

    "eventsource-parser": ["eventsource-parser@3.1.1", "", {}, "sha512-EKN1vKAMcZ8MlYMpaNuxN6R9yakzH6uajHcHVTqWJzvu5pWw9DyhbP35HH8MVBQ+dZjAfDxk+A8NiR9KWaXiyQ=="],

    "get-east-asian-width": ["get-east-asian-width@1.7.0", "", {}, "sha512-XjH1AECxf0giL2V1aU8vKyRR2ppRUb5c0EvT7zuJTokQ74bNo52zOtghqdWIqrhUD79fo3x0WfKZdOqxF6LG1Q=="],

    "get-port": ["get-port@7.2.0", "", {}, "sha512-afP4W205ONCuMoPBqcR6PSXnzX35KTcJygfJfcp+QY+uwm3p20p1YczWXhlICIzGMCxYBQcySEcOgsJcrkyobg=="],

    "iceberg-js": ["iceberg-js@0.8.1", "", {}, "sha512-1dhVQZXhcHje7798IVM+xoo/1ZdVfzOMIc8/rgVSijRK38EDqOJoGula9N/8ZI5RD8QTxNQtK/Gozpr+qUqRRA=="],

    "iconv-lite": ["iconv-lite@0.7.3", "", { "dependencies": { "safer-buffer": ">= 2.1.2 < 3.0.0" } }, "sha512-IKXpvIzjnC9XTAUbVBcMfGS0EPaIXtW6v+zr+RRp+hqULEpo0owZax6wyRwPOJbWbzjYspQwusTsfVr0ifh4uQ=="],

    "is-docker": ["is-docker@3.0.0", "", { "bin": { "is-docker": "cli.js" } }, "sha512-eljcgEDlEns/7AXFosB5K/2nCM4P7FQPkGc/DWLy5rmFEWvZayGrik1d9/QIY5nJ4f9YsVvBkA6kJpHn9rISdQ=="],

    "is-fullwidth-code-point": ["is-fullwidth-code-point@3.0.0", "", {}, "sha512-zymm5+u+sCsSWyD9qNaejV3DFvhCKclKdizYaJUuHA83RLjb7nSuGnddCHGv0hk+KY7BMAlsWeK4Ueg6EV6XQg=="],

    "is-in-ssh": ["is-in-ssh@1.0.0", "", {}, "sha512-jYa6Q9rH90kR1vKB6NM7qqd1mge3Fx4Dhw5TVlK1MUBqhEOuCagrEHMevNuCcbECmXZ0ThXkRm+Ymr51HwEPAw=="],

    "is-inside-container": ["is-inside-container@1.0.0", "", { "dependencies": { "is-docker": "^3.0.0" }, "bin": { "is-inside-container": "cli.js" } }, "sha512-KIYLCCJghfHZxqjYBE7rEy0OBuTd5xCHS7tHVgvCLkx7StIoaxwNW3hCALgEUjFfeRk+MG/Qxmp/vtETEF3tRA=="],

    "is-wsl": ["is-wsl@3.1.1", "", { "dependencies": { "is-inside-container": "^1.0.0" } }, "sha512-e6rvdUCiQCAuumZslxRJWR/Doq4VpPR82kqclvcS0efgt430SlGIk05vdCN58+VrzgtIcfNODjozVielycD4Sw=="],

    "jose": ["jose@6.2.12", "", {}, "sha512-9NiFmJEex0sy2Dk58j2UGBSHgUs2ypF9eZSu4L6vjOX3Dp96Sw1F3uL+H+D1sx02jZZdzUT0HgvCy59CuvXcWw=="],

    "json-schema": ["json-schema@0.4.0", "", {}, "sha512-es94M3nTIfsEPisRafak+HDLfHXnKBhV3vU5eqPcS3flIWqcxJWgXHXiey3YrpaNsanY5ei1VoYEbOzijuq9BA=="],

    "marked": ["marked@17.0.1", "", { "bin": { "marked": "bin/marked.js" } }, "sha512-boeBdiS0ghpWcSwoNm/jJBwdpFaMnZWRzjA6SkUMYb40SVaN1x7mmfGKp0jvexGcx+7y2La5zRZsYFZI6Qpypg=="],

    "meow": ["meow@14.1.0", "", {}, "sha512-EDYo6VlmtnumlcBCbh1gLJ//9jvM/ndXHfVXIFrZVr6fGcwTUyCTFNTLCKuY3ffbK8L/+3Mzqnd58RojiZqHVw=="],

    "mute-stream": ["mute-stream@2.0.0", "", {}, "sha512-WWdIxpyjEn+FhQJQQv9aQAYlHoNVdzIzUySNV1gHUPDSdZJ3yZn7pAAbQcV7B56Mvu881q9FZV+0Vx2xC44VWA=="],

    "open": ["open@11.0.4", "", { "dependencies": { "default-browser": "^5.5.1", "define-lazy-prop": "^3.0.0", "is-in-ssh": "^1.0.0", "is-inside-container": "^1.0.0", "powershell-utils": "^0.2.1", "wsl-utils": "^1.0.0" } }, "sha512-++Zlftm0kVLPmzC06t6epuWmcRMDbI4z5P3NNX979WA/k23+NtSOynEGzsVfZwguKw2mi5umVgnBlJQMwRz4Pg=="],

    "pg": ["pg@8.23.0", "", { "dependencies": { "pg-connection-string": "^2.14.0", "pg-pool": "^3.14.0", "pg-protocol": "^1.16.0", "pg-types": "2.2.0", "pgpass": "1.0.5" }, "optionalDependencies": { "pg-cloudflare": "^1.4.0" }, "peerDependencies": { "pg-native": ">=3.0.1" }, "optionalPeers": ["pg-native"] }, "sha512-Ip2EQCngowJLGOfCwkFhPXU7/ljlhn6Rxlmy4XYfL2Y+vyRM59+8uR2xqRWKdYmbXmxCFOAmKxBuSUCdF34qLg=="],

    "pg-cloudflare": ["pg-cloudflare@1.4.0", "", {}, "sha512-Vo7z/6rrQYxpNRylp4Tlob2elzbh+N/MOQbxFVWCxS7oEx6jF53GTJFxK2WWpKuBRkmiin4Mt+xofFDjx09R0A=="],

    "pg-connection-string": ["pg-connection-string@2.14.0", "", {}, "sha512-XwWDGcLRGCXAR8F/AM5bG7Q+A3Wm2s6QeEjlOKZLlH3UYcguiqCWKyWXVag5TLTIjR7oOJUY8kcADaZgWPyLeg=="],

    "pg-int8": ["pg-int8@1.0.1", "", {}, "sha512-WCtabS6t3c8SkpDBUlb1kjOs7l66xsGdKpIPZsg4wR+B3+u9UAum2odSsF9tnvxg80h4ZxLWMy4pRjOsFIqQpw=="],

    "pg-pool": ["pg-pool@3.14.0", "", { "peerDependencies": { "pg": ">=8.0" } }, "sha512-gKtPkFdQPU3DksooVLi9LsjZxrsBUZIpa+7aVx+LV5pNh0KzP4Zleud2po+ConrxbuXGBJ6Hfer6hdgpIBpBaw=="],

    "pg-protocol": ["pg-protocol@1.16.0", "", {}, "sha512-sILXutLVjCLjcDuOmvhX5e2Z4cS5qG/6Bu3VkpFwdf/633ElGLpEh9bgmuI5I4sqKqkifQiGyiCcx1HdtrK7tg=="],

    "pg-types": ["pg-types@2.2.0", "", { "dependencies": { "pg-int8": "1.0.1", "postgres-array": "~2.0.0", "postgres-bytea": "~1.0.0", "postgres-date": "~1.0.4", "postgres-interval": "^1.1.0" } }, "sha512-qTAAlrEsl8s4OiEQY69wDvcMIdQN6wdz5ojQiOy6YRMuynxenON0O5oCpJI6lshc6scgAY8qvJ2On/p+CXY0GA=="],

    "pgpass": ["pgpass@1.0.5", "", { "dependencies": { "split2": "^4.1.0" } }, "sha512-FdW9r/jQZhSeohs1Z3sI1yxFQNFvMcnmfuj4WBMUTxOrAyLMaTcE1aAMBiTlbMNaXvBCQuVi0R7hd8udDSP7ug=="],

    "postgres-array": ["postgres-array@2.0.0", "", {}, "sha512-VpZrUqU5A69eQyW2c5CA1jtLecCsN2U/bD6VilrFDWq5+5UIEVO7nazS3TEcHf1zuPYO/sqGvUvW62g86RXZuA=="],

    "postgres-bytea": ["postgres-bytea@1.0.1", "", {}, "sha512-5+5HqXnsZPE65IJZSMkZtURARZelel2oXUEO8rH83VS/hxH5vv1uHquPg5wZs8yMAfdv971IU+kcPUczi7NVBQ=="],

    "postgres-date": ["postgres-date@1.0.7", "", {}, "sha512-suDmjLVQg78nMK2UZ454hAG+OAW+HQPZ6n++TNDUX+L0+uUlLywnoxJKDou51Zm+zTCjrCl0Nq6J9C5hP9vK/Q=="],

    "postgres-interval": ["postgres-interval@1.2.0", "", { "dependencies": { "xtend": "^4.0.0" } }, "sha512-9ZhXKM/rw350N1ovuWHbGxnGh/SNJ4cnxHiM0rxE4VN41wsg8P8zWn9hv/buK00RP4WvlOyr/RBDiptyxVbkZQ=="],

    "powershell-utils": ["powershell-utils@0.2.1", "", {}, "sha512-C+y9x90UElAddDZmV4qOx9W53B61PO7cIqWz2dQsWlwswuq4mr8NEwytdGKboYbQlGZ3awrkTeNvcZiZNHnQ8A=="],

    "react": ["react@19.3.0", "", {}, "sha512-E8LUcbtBWt20bbl2YoHfx4ZDBdxVTfOKtCZn9cDSJ4l6/nuoApcpIBcj47t2wZoVX8g2ZHuMHbiShgCR1T5Sog=="],

    "react-devtools-core": ["react-devtools-core@7.0.1", "", { "dependencies": { "shell-quote": "^1.6.1", "ws": "^7" } }, "sha512-C3yNvRHaizlpiASzy7b9vbnBGLrhvdhl1CbdU6EnZgxPNbai60szdLtl+VL76UNOt5bOoVTOz5rNWZxgGt+Gsw=="],

    "react-reconciler": ["react-reconciler@0.33.0", "", { "dependencies": { "scheduler": "^0.27.0" }, "peerDependencies": { "react": "^19.2.0" } }, "sha512-KetWRytFv1epdpJc3J4G75I4WrplZE5jOL7Yq0p34+OVOKF4Se7WrdIdVC45XsSSmUTlht2FM/fM1FZb1mfQeA=="],

    "run-applescript": ["run-applescript@7.1.0", "", {}, "sha512-DPe5pVFaAsinSaV6QjQ6gdiedWDcRCbUuiQfQa2wmWV7+xC9bGulGI8+TdRmoFkAPaBXk8CrAbnlY2ISniJ47Q=="],

    "safer-buffer": ["safer-buffer@2.1.2", "", {}, "sha512-YZo3K82SD7Riyi0E1EQPojLz7kpepnSQI9IyPbHHg1XXXevb5dJI7tpyN2ADxGcQbHG7vcyRHk0cbwqcQriUtg=="],

    "scheduler": ["scheduler@0.27.0", "", {}, "sha512-eNv+WrVbKu1f3vbYJT/xtiF5syA5HPIMtf9IgY/nKg0sWqzAUEvqY/xm7OcZc/qafLx/iO9FgOmeSAp4v5ti/Q=="],

    "shell-quote": ["shell-quote@1.10.0", "", {}, "sha512-w1aiOKwKuRgtwAReIIj89puqg+I7GvX4IbLrvmhXbzQsj1+Zwi4VO3+fa6ZF91TWSjIxoEkKnMeHcLEODK5ZXA=="],

    "signal-exit": ["signal-exit@4.1.0", "", {}, "sha512-bzyZ1e88w9O1iNJbKnOlvYTrWPDl46O1bG0D3XInv+9tkPrxrN8jUUTiFlDkkmKWgn1M6CfIA13SuGqOa9Korw=="],

    "split2": ["split2@4.2.0", "", {}, "sha512-UcjcJOWknrNkF6PLX83qcHM6KHgVKNkV62Y8a5uYDVv9ydGQVwAHMKqHdJje1VTWpljG0WYpCDhrCdAOYH4TWg=="],

    "string-width": ["string-width@7.2.0", "", { "dependencies": { "emoji-regex": "^10.3.0", "get-east-asian-width": "^1.0.0", "strip-ansi": "^7.1.0" } }, "sha512-tsaTIkKW9b4N+AEj+SVA+WhJzV7/zMhcSu78mLKWSk7cXMOSHsBKFWUs0fWwq8QyK3MgJBQRX6Gbi4kYbdvGkQ=="],

    "strip-ansi": ["strip-ansi@7.1.2", "", { "dependencies": { "ansi-regex": "^6.0.1" } }, "sha512-gmBGslpoQJtgnMAvOVqGZpEz9dyoKTCzy2nfz/n8aIFhN/jCE/rCmcxabB6jOOHV+0WNnylOxaxBQPSvcWklhA=="],

    "supabase": ["supabase@2.118.0", "", { "dependencies": { "eciesjs": "^0.5.0", "jose": "^6.2.10" }, "optionalDependencies": { "@supabase/cli-darwin-arm64": "2.118.0", "@supabase/cli-darwin-x64": "2.118.0", "@supabase/cli-linux-arm64": "2.118.0", "@supabase/cli-linux-arm64-musl": "2.118.0", "@supabase/cli-linux-x64": "2.118.0", "@supabase/cli-linux-x64-musl": "2.118.0", "@supabase/cli-windows-arm64": "2.118.0", "@supabase/cli-windows-x64": "2.118.0" }, "bin": { "supabase": "dist/supabase.js" } }, "sha512-0aPIlzBSBLwbJZCMZKD1QAwlc4xNnNvvk07QuSuuKBKzGLSeV3GovgTLlMKFTJ4JWfJubWF0URPLuPUr0kZr5g=="],

    "tslib": ["tslib@2.8.1", "", {}, "sha512-oJFu94HQb+KVduSUQL7wnpmqnfmLsOA/nAh6b6EH0wCEoK0/mPeXU6c3wKDV83MkOuHPRHtSXKKU99IBazS/2w=="],

    "typescript": ["typescript@5.9.3", "", { "bin": { "tsc": "bin/tsc", "tsserver": "bin/tsserver" } }, "sha512-jl1vZzPDinLr9eUt3J/t7V6FgNEw9QjvBPdysz9KfQDD41fQrC2Y4vKQdiaUpFT4bXlb1RHhLpp8wtm6M5TgSw=="],

    "undici": ["undici@7.30.0", "", {}, "sha512-dkrQXeHSaoamnItlYbmzG0wFYrM0ZwDxCIg0A7aKjTyyhh9svRzCNFEzV+Vm05/yehjCzjDZ31KXfGEjYSztDQ=="],

    "undici-types": ["undici-types@8.9.0", "", {}, "sha512-KTDyRTYX8sWmKXAikPHHSyc63CRPETMctyjKFupcC6OBLXT3xsN0e9aF7m+mIXutFWpUXuedtowG7iLOzp0kQg=="],

    "web-tree-sitter": ["web-tree-sitter@0.25.10", "", { "peerDependencies": { "@types/emscripten": "^1.40.0" }, "optionalPeers": ["@types/emscripten"] }, "sha512-Y09sF44/13XvgVKgO2cNDw5rGk6s26MgoZPXLESvMXeefBf7i6/73eFurre0IsTW6E14Y0ArIzhUMmjoc7xyzA=="],

    "wrap-ansi": ["wrap-ansi@6.2.0", "", { "dependencies": { "ansi-styles": "^4.0.0", "string-width": "^4.1.0", "strip-ansi": "^6.0.0" } }, "sha512-r6lPcBGxZXlIcymEu7InxDMhdW0KDxpLgoFLcguasxCaJ/SOIZwINatK9KY/tf+ZrlywOKU0UDj3ATXUBfxJXA=="],

    "ws": ["ws@8.21.3", "", { "peerDependencies": { "bufferutil": "^4.0.1", "utf-8-validate": ">=5.0.2" }, "optionalPeers": ["bufferutil", "utf-8-validate"] }, "sha512-201TZ/kPWxoPr/OKWjquZR1SWKXcvxdH+e1xrx89b3YbmzLMFCLfnaG1HFIgWzJOEWZ7MvpK++odZufgYR50Rw=="],

    "wsl-utils": ["wsl-utils@1.0.0", "", { "dependencies": { "is-wsl": "^3.1.0", "powershell-utils": "^0.1.0" } }, "sha512-Hl0ZOAs672vg+06kfujwRhoS6/jehvULrlFkuF2dRu6pHgA8U06h3xqNIqNNU1LTXPcedxByAR4GS6pwQK0mgA=="],

    "xtend": ["xtend@4.0.2", "", {}, "sha512-LKYU1iAXJXUgAXn9URjiu+MWhyUXHsvfp7mcuYm9dSUKK0/CjtrUwFAxD82/mCWbtLsGjFIad0wIsod4zrTAEQ=="],

    "yoctocolors-cjs": ["yoctocolors-cjs@2.1.3", "", {}, "sha512-U/PBtDf35ff0D8X8D0jfdzHYEPFxAI7jJlxZXwCSez5M3190m+QobIfh+sWDWSHMCWWJN2AWamkegn6vr6YBTw=="],

    "zod": ["zod@4.6.5", "", {}, "sha512-v5l/aFXZQeai4awLbOpSoHecE9UiMrnfx75tEXLjNonXVARxQ5mOeipTjROUchszUNCqnE+hqAMujRsRHsut2Q=="],

    "@ai-sdk/xai/@ai-sdk/provider": ["@ai-sdk/provider@4.0.15", "", { "dependencies": { "json-schema": "^0.4.0" } }, "sha512-LIDCrT8xgWVMiVUV13+v9FXPJ8B5uX/5ByEMXxp9Sspr2SyB1PwMSCPshZoI/t+4AgxyZCFEVutdaigCnqje3w=="],

    "@ai-sdk/xai/@ai-sdk/provider-utils": ["@ai-sdk/provider-utils@5.0.41", "", { "dependencies": { "@ai-sdk/provider": "4.0.15", "@standard-schema/spec": "^1.1.0", "@workflow/serde": "4.1.0", "eventsource-parser": "^3.0.8", "undici": "^7.29.0" }, "peerDependencies": { "zod": "^3.25.76 || ^4.1.8" } }, "sha512-hSosMII5k33z0buaZ6dugH/g8yIJjPQBILuQvr4ThdiMJxrkiZxFWTgIkvKsT6Dk493JbsnGz5W/q88Y5bR7WA=="],

    "react-devtools-core/ws": ["ws@7.5.13", "", { "peerDependencies": { "bufferutil": "^4.0.1", "utf-8-validate": "^5.0.2" }, "optionalPeers": ["bufferutil", "utf-8-validate"] }, "sha512-rsKI6xDBFVf4r/x8XyChGK04QR/XHroxs/jUcoWvtEZM8TPU/X/uIY9B1CsSzYws9ZJb/6bbBu7dPhFW00CAoA=="],

    "wrap-ansi/string-width": ["string-width@4.2.3", "", { "dependencies": { "emoji-regex": "^8.0.0", "is-fullwidth-code-point": "^3.0.0", "strip-ansi": "^6.0.1" } }, "sha512-wKyQRQpjJ0sIp62ErSZdGsjMJWsap5oRNihHhu6G7JVO/9jIB6UyevL+tXuOqrng8j/cxKTWyWUwvSTriiZz/g=="],

    "wrap-ansi/strip-ansi": ["strip-ansi@6.0.1", "", { "dependencies": { "ansi-regex": "^5.0.1" } }, "sha512-Y38VPSHcqkFrCpFnQ9vuSXmquuv5oXOKpGeT6aGrr3o3Gc9AlVa6JBfUSOCnbxGGZF+/0ooI7KrPuUSztUdU5A=="],

    "wsl-utils/powershell-utils": ["powershell-utils@0.1.0", "", {}, "sha512-dM0jVuXJPsDN6DvRpea484tCUaMiXWjuCn++HGTqUWzGDjv5tZkEZldAJ/UMlqRYGFrD/etByo4/xOuC/snX2A=="],

    "wrap-ansi/string-width/emoji-regex": ["emoji-regex@8.0.0", "", {}, "sha512-MSjYzcWNOA0ewAHpz0MxpYFvwg6yjy1NG3xteoqz644VCo/RPgnr1/GGt+ic3iJTzQ8Eu3TdM14SawnVUmGE6A=="],

    "wrap-ansi/strip-ansi/ansi-regex": ["ansi-regex@5.0.1", "", {}, "sha512-quJQXlTSUGL2LH9SUXo8VwsY4soanhgo6LNSm84E1LBcE8s3O0wpdiRzyR9z/ZZJMlMWv37qOOb9pdJlMUEKFQ=="],
  }
}
